
Microsoft Visual Studio Solution File, Format Version 12.00
# Visual Studio Version 16
VisualStudioVersion = 16.0.30717.126
MinimumVisualStudioVersion = 10.0.40219.1
Project("{FAE04EC0-301F-11D3-BF4B-00C04F79EFBC}") = "DesignPatterns", "AbstractFactoryDesignPattern\DesignPatterns.csproj", "{07239EF8-9967-4D94-A93C-70D3C54DF271}"
EndProject
Global
	GlobalSection(SolutionConfigurationPlatforms) = preSolution
		Debug|Any CPU = Debug|Any CPU
		Release|Any CPU = Release|Any CPU
	EndGlobalSection
	GlobalSection(ProjectConfigurationPlatforms) = postSolution
		{07239EF8-9967-4D94-A93C-70D3C54DF271}.Debug|Any CPU.ActiveCfg = Debug|Any CPU
		{07239EF8-9967-4D94-A93C-70D3C54DF271}.Debug|Any CPU.Build.0 = Debug|Any CPU
		{07239EF8-9967-4D94-A93C-70D3C54DF271}.Release|Any CPU.ActiveCfg = Release|Any CPU
		{07239EF8-9967-4D94-A93C-70D3C54DF271}.Release|Any CPU.Build.0 = Release|Any CPU
	EndGlobalSection
	GlobalSection(SolutionProperties) = preSolution
		HideSolutionNode = FALSE
	EndGlobalSection
	GlobalSection(ExtensibilityGlobals) = postSolution
		SolutionGuid = {DF1AABF2-32DB-4F98-9F28-8BB704510B02}
	EndGlobalSection
EndGlobal
